
Microsoft Visual Studio Solution File, Format Version 12.00
# Visual Studio 15
VisualStudioVersion = 15.0.26730.12
MinimumVisualStudioVersion = 10.0.40219.1
Project("{FAE04EC0-301F-11D3-BF4B-00C04F79EFBC}") = "OdeToFood", "OdeToFood\OdeToFood.csproj", "{1CEF909C-BC7A-4105-B934-FB6A0F446DA9}"
EndProject
Global
	GlobalSection(SolutionConfigurationPlatforms) = preSolution
		Debug|Any CPU = Debug|Any CPU
		Release|Any CPU = Release|Any CPU
	EndGlobalSection
	GlobalSection(ProjectConfigurationPlatforms) = postSolution
		{1CEF909C-BC7A-4105-B934-FB6A0F446DA9}.Debug|Any CPU.ActiveCfg = Debug|Any CPU
		{1CEF909C-BC7A-4105-B934-FB6A0F446DA9}.Debug|Any CPU.Build.0 = Debug|Any CPU
		{1CEF909C-BC7A-4105-B934-FB6A0F446DA9}.Release|Any CPU.ActiveCfg = Release|Any CPU
		{1CEF909C-BC7A-4105-B934-FB6A0F446DA9}.Release|Any CPU.Build.0 = Release|Any CPU
	EndGlobalSection
	GlobalSection(SolutionProperties) = preSolution
		HideSolutionNode = FALSE
	EndGlobalSection
	GlobalSection(ExtensibilityGlobals) = postSolution
		SolutionGuid = {D5C39A31-CE2D-4938-A764-E93026E62017}
	EndGlobalSection
EndGlobal
